
Microsoft Visual Studio Solution File, Format Version 12.00
# Visual Studio 15
VisualStudioVersion = 15.0.28010.2048
MinimumVisualStudioVersion = 10.0.40219.1
Project("{FAE04EC0-301F-11D3-BF4B-00C04F79EFBC}") = "HelloWorld2", "HelloWorld2.csproj", "{FB318F63-7442-4D94-BF57-996FF74A2606}"
EndProject
Global
	GlobalSection(SolutionConfigurationPlatforms) = preSolution
		Debug|Any CPU = Debug|Any CPU
		Release|Any CPU = Release|Any CPU
	EndGlobalSection
	GlobalSection(ProjectConfigurationPlatforms) = postSolution
		{FB318F63-7442-4D94-BF57-996FF74A2606}.Debug|Any CPU.ActiveCfg = Debug|Any CPU
		{FB318F63-7442-4D94-BF57-996FF74A2606}.Debug|Any CPU.Build.0 = Debug|Any CPU
		{FB318F63-7442-4D94-BF57-996FF74A2606}.Release|Any CPU.ActiveCfg = Release|Any CPU
		{FB318F63-7442-4D94-BF57-996FF74A2606}.Release|Any CPU.Build.0 = Release|Any CPU
	EndGlobalSection
	GlobalSection(SolutionProperties) = preSolution
		HideSolutionNode = FALSE
	EndGlobalSection
	GlobalSection(ExtensibilityGlobals) = postSolution
		SolutionGuid = {040FA453-E396-45CC-B6AC-00A1E1559050}
	EndGlobalSection
EndGlobal
